
Microsoft Visual Studio Solution File, Format Version 11.00
# Visual Studio 2010
Project("{FAE04EC0-301F-11D3-BF4B-00C04F79EFBC}") = "TheFinale", "Source\TheFinale.csproj", "{EBBE0F77-8B98-4C59-9594-832C09A58516}"
EndProject
Project("{FAE04EC0-301F-11D3-BF4B-00C04F79EFBC}") = "FNA", "..\..\FNAEngine\FNA\Source\FNA.csproj", "{FDE9946F-3BAE-4A2A-81A4-CF6076238048}"
EndProject
Project("{FAE04EC0-301F-11D3-BF4B-00C04F79EFBC}") = "Farseer Physics XNA", "..\..\FNAEngine\FarseerPhysics3.3.1\Farseer Physics XNA.csproj", "{0A850700-1ABB-4288-A391-6726B90EBEB9}"
EndProject
Project("{FAE04EC0-301F-11D3-BF4B-00C04F79EFBC}") = "Content", "Content\Content.contentproj", "{6035C7D1-7A04-441F-BE9D-B27B0740E682}"
EndProject
Global
	GlobalSection(SolutionConfigurationPlatforms) = preSolution
		Debug wEditor|Any CPU = Debug wEditor|Any CPU
		Debug wEditor|Mixed Platforms = Debug wEditor|Mixed Platforms
		Debug wEditor|x86 = Debug wEditor|x86
		Debug|Any CPU = Debug|Any CPU
		Debug|Mixed Platforms = Debug|Mixed Platforms
		Debug|x86 = Debug|x86
		Release|Any CPU = Release|Any CPU
		Release|Mixed Platforms = Release|Mixed Platforms
		Release|x86 = Release|x86
	EndGlobalSection
	GlobalSection(ProjectConfigurationPlatforms) = postSolution
		{EBBE0F77-8B98-4C59-9594-832C09A58516}.Debug wEditor|Any CPU.ActiveCfg = Debug wEditor|x86
		{EBBE0F77-8B98-4C59-9594-832C09A58516}.Debug wEditor|Any CPU.Build.0 = Debug wEditor|x86
		{EBBE0F77-8B98-4C59-9594-832C09A58516}.Debug wEditor|Mixed Platforms.ActiveCfg = Debug wEditor|x86
		{EBBE0F77-8B98-4C59-9594-832C09A58516}.Debug wEditor|Mixed Platforms.Build.0 = Debug wEditor|x86
		{EBBE0F77-8B98-4C59-9594-832C09A58516}.Debug wEditor|x86.ActiveCfg = Debug wEditor|x86
		{EBBE0F77-8B98-4C59-9594-832C09A58516}.Debug|Any CPU.ActiveCfg = Debug|x86
		{EBBE0F77-8B98-4C59-9594-832C09A58516}.Debug|Any CPU.Build.0 = Debug|x86
		{EBBE0F77-8B98-4C59-9594-832C09A58516}.Debug|Mixed Platforms.ActiveCfg = Debug|x86
		{EBBE0F77-8B98-4C59-9594-832C09A58516}.Debug|Mixed Platforms.Build.0 = Debug|x86
		{EBBE0F77-8B98-4C59-9594-832C09A58516}.Debug|x86.ActiveCfg = Debug|x86
		{EBBE0F77-8B98-4C59-9594-832C09A58516}.Debug|x86.Build.0 = Debug|x86
		{EBBE0F77-8B98-4C59-9594-832C09A58516}.Release|Any CPU.ActiveCfg = Release|x86
		{EBBE0F77-8B98-4C59-9594-832C09A58516}.Release|Any CPU.Build.0 = Release|x86
		{EBBE0F77-8B98-4C59-9594-832C09A58516}.Release|Mixed Platforms.ActiveCfg = Release|x86
		{EBBE0F77-8B98-4C59-9594-832C09A58516}.Release|Mixed Platforms.Build.0 = Release|x86
		{EBBE0F77-8B98-4C59-9594-832C09A58516}.Release|x86.ActiveCfg = Release|x86
		{EBBE0F77-8B98-4C59-9594-832C09A58516}.Release|x86.Build.0 = Release|x86
		{FDE9946F-3BAE-4A2A-81A4-CF6076238048}.Debug wEditor|Any CPU.ActiveCfg = Debug wEditor|Any CPU
		{FDE9946F-3BAE-4A2A-81A4-CF6076238048}.Debug wEditor|Any CPU.Build.0 = Debug wEditor|Any CPU
		{FDE9946F-3BAE-4A2A-81A4-CF6076238048}.Debug wEditor|Mixed Platforms.ActiveCfg = Debug wEditor|Any CPU
		{FDE9946F-3BAE-4A2A-81A4-CF6076238048}.Debug wEditor|Mixed Platforms.Build.0 = Debug wEditor|Any CPU
		{FDE9946F-3BAE-4A2A-81A4-CF6076238048}.Debug wEditor|x86.ActiveCfg = Debug wEditor|Any CPU
		{FDE9946F-3BAE-4A2A-81A4-CF6076238048}.Debug|Any CPU.ActiveCfg = Debug|Any CPU
		{FDE9946F-3BAE-4A2A-81A4-CF6076238048}.Debug|Any CPU.Build.0 = Debug|Any CPU
		{FDE9946F-3BAE-4A2A-81A4-CF6076238048}.Debug|Mixed Platforms.ActiveCfg = Debug|Any CPU
		{FDE9946F-3BAE-4A2A-81A4-CF6076238048}.Debug|Mixed Platforms.Build.0 = Debug|Any CPU
		{FDE9946F-3BAE-4A2A-81A4-CF6076238048}.Debug|x86.ActiveCfg = Debug|Any CPU
		{FDE9946F-3BAE-4A2A-81A4-CF6076238048}.Release|Any CPU.ActiveCfg = Release|Any CPU
		{FDE9946F-3BAE-4A2A-81A4-CF6076238048}.Release|Any CPU.Build.0 = Release|Any CPU
		{FDE9946F-3BAE-4A2A-81A4-CF6076238048}.Release|Mixed Platforms.ActiveCfg = Release|Any CPU
		{FDE9946F-3BAE-4A2A-81A4-CF6076238048}.Release|Mixed Platforms.Build.0 = Release|Any CPU
		{FDE9946F-3BAE-4A2A-81A4-CF6076238048}.Release|x86.ActiveCfg = Release|Any CPU
		{0A850700-1ABB-4288-A391-6726B90EBEB9}.Debug wEditor|Any CPU.ActiveCfg = Debug|x86
		{0A850700-1ABB-4288-A391-6726B90EBEB9}.Debug wEditor|Mixed Platforms.ActiveCfg = Debug|x86
		{0A850700-1ABB-4288-A391-6726B90EBEB9}.Debug wEditor|Mixed Platforms.Build.0 = Debug|x86
		{0A850700-1ABB-4288-A391-6726B90EBEB9}.Debug wEditor|x86.ActiveCfg = Debug|x86
		{0A850700-1ABB-4288-A391-6726B90EBEB9}.Debug wEditor|x86.Build.0 = Debug|x86
		{0A850700-1ABB-4288-A391-6726B90EBEB9}.Debug|Any CPU.ActiveCfg = Debug|x86
		{0A850700-1ABB-4288-A391-6726B90EBEB9}.Debug|Mixed Platforms.ActiveCfg = Debug|x86
		{0A850700-1ABB-4288-A391-6726B90EBEB9}.Debug|Mixed Platforms.Build.0 = Debug|x86
		{0A850700-1ABB-4288-A391-6726B90EBEB9}.Debug|x86.ActiveCfg = Debug|x86
		{0A850700-1ABB-4288-A391-6726B90EBEB9}.Debug|x86.Build.0 = Debug|x86
		{0A850700-1ABB-4288-A391-6726B90EBEB9}.Release|Any CPU.ActiveCfg = Release|x86
		{0A850700-1ABB-4288-A391-6726B90EBEB9}.Release|Mixed Platforms.ActiveCfg = Release|x86
		{0A850700-1ABB-4288-A391-6726B90EBEB9}.Release|Mixed Platforms.Build.0 = Release|x86
		{0A850700-1ABB-4288-A391-6726B90EBEB9}.Release|x86.ActiveCfg = Release|x86
		{0A850700-1ABB-4288-A391-6726B90EBEB9}.Release|x86.Build.0 = Release|x86
		{6035C7D1-7A04-441F-BE9D-B27B0740E682}.Debug wEditor|Any CPU.ActiveCfg = Debug|Any CPU
		{6035C7D1-7A04-441F-BE9D-B27B0740E682}.Debug wEditor|Mixed Platforms.ActiveCfg = Debug|Any CPU
		{6035C7D1-7A04-441F-BE9D-B27B0740E682}.Debug wEditor|x86.ActiveCfg = Debug|Any CPU
		{6035C7D1-7A04-441F-BE9D-B27B0740E682}.Debug|Any CPU.ActiveCfg = Debug|Any CPU
		{6035C7D1-7A04-441F-BE9D-B27B0740E682}.Debug|Mixed Platforms.ActiveCfg = Debug|Any CPU
		{6035C7D1-7A04-441F-BE9D-B27B0740E682}.Debug|x86.ActiveCfg = Debug|Any CPU
		{6035C7D1-7A04-441F-BE9D-B27B0740E682}.Release|Any CPU.ActiveCfg = Debug|Any CPU
		{6035C7D1-7A04-441F-BE9D-B27B0740E682}.Release|Mixed Platforms.ActiveCfg = Debug|Any CPU
		{6035C7D1-7A04-441F-BE9D-B27B0740E682}.Release|x86.ActiveCfg = Debug|Any CPU
	EndGlobalSection
	GlobalSection(SolutionProperties) = preSolution
		HideSolutionNode = FALSE
	EndGlobalSection
EndGlobal
